
Microsoft Visual Studio Solution File, Format Version 12.00
# Visual Studio Version 17
VisualStudioVersion = 17.9.34616.47
MinimumVisualStudioVersion = 10.0.40219.1
Project("{FAE04EC0-301F-11D3-BF4B-00C04F79EFBC}") = "DataStructuresPartII", "DataStructuresPartII\DataStructuresPartII.csproj", "{0E15CA16-F9EC-49E2-ABF7-B6F8EEBD3A32}"
EndProject
Project("{FAE04EC0-301F-11D3-BF4B-00C04F79EFBC}") = "CustomDataStructures", "CustomDataStructures\CustomDataStructures.csproj", "{48F0AFE0-FD6A-4962-9C83-B45737866122}"
EndProject
Global
	GlobalSection(SolutionConfigurationPlatforms) = preSolution
		Debug|Any CPU = Debug|Any CPU
		Release|Any CPU = Release|Any CPU
	EndGlobalSection
	GlobalSection(ProjectConfigurationPlatforms) = postSolution
		{0E15CA16-F9EC-49E2-ABF7-B6F8EEBD3A32}.Debug|Any CPU.ActiveCfg = Debug|Any CPU
		{0E15CA16-F9EC-49E2-ABF7-B6F8EEBD3A32}.Debug|Any CPU.Build.0 = Debug|Any CPU
		{0E15CA16-F9EC-49E2-ABF7-B6F8EEBD3A32}.Release|Any CPU.ActiveCfg = Release|Any CPU
		{0E15CA16-F9EC-49E2-ABF7-B6F8EEBD3A32}.Release|Any CPU.Build.0 = Release|Any CPU
		{48F0AFE0-FD6A-4962-9C83-B45737866122}.Debug|Any CPU.ActiveCfg = Debug|Any CPU
		{48F0AFE0-FD6A-4962-9C83-B45737866122}.Debug|Any CPU.Build.0 = Debug|Any CPU
		{48F0AFE0-FD6A-4962-9C83-B45737866122}.Release|Any CPU.ActiveCfg = Release|Any CPU
		{48F0AFE0-FD6A-4962-9C83-B45737866122}.Release|Any CPU.Build.0 = Release|Any CPU
	EndGlobalSection
	GlobalSection(SolutionProperties) = preSolution
		HideSolutionNode = FALSE
	EndGlobalSection
	GlobalSection(ExtensibilityGlobals) = postSolution
		SolutionGuid = {2ABF8698-E73D-4709-9957-D3BE308EBAF5}
	EndGlobalSection
EndGlobal
