
Microsoft Visual Studio Solution File, Format Version 12.00
# Visual Studio Version 17
VisualStudioVersion = 17.9.34616.47
MinimumVisualStudioVersion = 10.0.40219.1
Project("{9A19103F-16F7-4668-BE54-9A1E7A4F7556}") = "Generics", "Generics.csproj", "{2B3347D3-2292-475E-AF22-C25CABD1A600}"
EndProject
Global
	GlobalSection(SolutionConfigurationPlatforms) = preSolution
		Debug|Any CPU = Debug|Any CPU
		Release|Any CPU = Release|Any CPU
	EndGlobalSection
	GlobalSection(ProjectConfigurationPlatforms) = postSolution
		{2B3347D3-2292-475E-AF22-C25CABD1A600}.Debug|Any CPU.ActiveCfg = Debug|Any CPU
		{2B3347D3-2292-475E-AF22-C25CABD1A600}.Debug|Any CPU.Build.0 = Debug|Any CPU
		{2B3347D3-2292-475E-AF22-C25CABD1A600}.Release|Any CPU.ActiveCfg = Release|Any CPU
		{2B3347D3-2292-475E-AF22-C25CABD1A600}.Release|Any CPU.Build.0 = Release|Any CPU
	EndGlobalSection
	GlobalSection(SolutionProperties) = preSolution
		HideSolutionNode = FALSE
	EndGlobalSection
	GlobalSection(ExtensibilityGlobals) = postSolution
		SolutionGuid = {5672B02F-3C0E-46DB-8A26-6670FC437CBB}
	EndGlobalSection
EndGlobal
